
Microsoft Visual Studio Solution File, Format Version 12.00
# Visual Studio Version 16
VisualStudioVersion = 16.0.30717.126
MinimumVisualStudioVersion = 10.0.40219.1
Project("{FAE04EC0-301F-11D3-BF4B-00C04F79EFBC}") = "ChatChallenge.ClientSide", "src\ChatChallenge.ClientSide\ChatChallenge.ClientSide.csproj", "{FE76908C-D1A0-426E-887F-9291E09670C9}"
EndProject
Project("{FAE04EC0-301F-11D3-BF4B-00C04F79EFBC}") = "ChatChallenge.ServerSide", "src\ChatChallenge.ServerSide\ChatChallenge.ServerSide.csproj", "{585B7B60-0243-4261-95E4-7EB8A463775A}"
EndProject
Project("{FAE04EC0-301F-11D3-BF4B-00C04F79EFBC}") = "ChatChallenge.Resources", "src\ChatChallenge.Resources\ChatChallenge.Resources.csproj", "{A1436C3F-78BB-4D10-A64A-1B2FF38C4DC8}"
EndProject
Global
	GlobalSection(SolutionConfigurationPlatforms) = preSolution
		Debug|Any CPU = Debug|Any CPU
		Release|Any CPU = Release|Any CPU
	EndGlobalSection
	GlobalSection(ProjectConfigurationPlatforms) = postSolution
		{FE76908C-D1A0-426E-887F-9291E09670C9}.Debug|Any CPU.ActiveCfg = Debug|Any CPU
		{FE76908C-D1A0-426E-887F-9291E09670C9}.Debug|Any CPU.Build.0 = Debug|Any CPU
		{FE76908C-D1A0-426E-887F-9291E09670C9}.Release|Any CPU.ActiveCfg = Release|Any CPU
		{FE76908C-D1A0-426E-887F-9291E09670C9}.Release|Any CPU.Build.0 = Release|Any CPU
		{585B7B60-0243-4261-95E4-7EB8A463775A}.Debug|Any CPU.ActiveCfg = Debug|Any CPU
		{585B7B60-0243-4261-95E4-7EB8A463775A}.Debug|Any CPU.Build.0 = Debug|Any CPU
		{585B7B60-0243-4261-95E4-7EB8A463775A}.Release|Any CPU.ActiveCfg = Release|Any CPU
		{585B7B60-0243-4261-95E4-7EB8A463775A}.Release|Any CPU.Build.0 = Release|Any CPU
		{A1436C3F-78BB-4D10-A64A-1B2FF38C4DC8}.Debug|Any CPU.ActiveCfg = Debug|Any CPU
		{A1436C3F-78BB-4D10-A64A-1B2FF38C4DC8}.Debug|Any CPU.Build.0 = Debug|Any CPU
		{A1436C3F-78BB-4D10-A64A-1B2FF38C4DC8}.Release|Any CPU.ActiveCfg = Release|Any CPU
		{A1436C3F-78BB-4D10-A64A-1B2FF38C4DC8}.Release|Any CPU.Build.0 = Release|Any CPU
	EndGlobalSection
	GlobalSection(SolutionProperties) = preSolution
		HideSolutionNode = FALSE
	EndGlobalSection
	GlobalSection(ExtensibilityGlobals) = postSolution
		SolutionGuid = {6566F747-7E93-4F7A-AE1F-F006BAE5AB72}
	EndGlobalSection
EndGlobal
